// !$*UTF8*$!
{
	archiveVersion = 1;
	classes = {
	};
	objectVersion = 46;
	objects = {

/* Begin PBXBuildFile section */
		893F5D3415E181530030BAB0 /* UIKit.framework in Frameworks */ = {isa = PBXBuildFile; fileRef = 893F5D3315E181530030BAB0 /* UIKit.framework */; };
		893F5D3615E181530030BAB0 /* Foundation.framework in Frameworks */ = {isa = PBXBuildFile; fileRef = 893F5D3515E181530030BAB0 /* Foundation.framework */; };
		893F5D3815E181530030BAB0 /* CoreGraphics.framework in Frameworks */ = {isa = PBXBuildFile; fileRef = 893F5D3715E181530030BAB0 /* CoreGraphics.framework */; };
		893F5D3E15E181530030BAB0 /* InfoPlist.strings in Resources */ = {isa = PBXBuildFile; fileRef = 893F5D3C15E181530030BAB0 /* InfoPlist.strings */; };
		893F5D4015E181530030BAB0 /* main.m in Sources */ = {isa = PBXBuildFile; fileRef = 893F5D3F15E181530030BAB0 /* main.m */; };
		893F5D4415E181530030BAB0 /* AppDelegate.m in Sources */ = {isa = PBXBuildFile; fileRef = 893F5D4315E181530030BAB0 /* AppDelegate.m */; };
		893F5D4715E181530030BAB0 /* MainStoryboard_iPhone.storyboard in Resources */ = {isa = PBXBuildFile; fileRef = 893F5D4515E181530030BAB0 /* MainStoryboard_iPhone.storyboard */; };
		893F5D4A15E181530030BAB0 /* MainStoryboard_iPad.storyboard in Resources */ = {isa = PBXBuildFile; fileRef = 893F5D4815E181530030BAB0 /* MainStoryboard_iPad.storyboard */; };
		893F5D4D15E181530030BAB0 /* ViewController.m in Sources */ = {isa = PBXBuildFile; fileRef = 893F5D4C15E181530030BAB0 /* ViewController.m */; };
/* End PBXBuildFile section */

/* Begin PBXFileReference section */
		893F5D2F15E181520030BAB0 /* Hexor.app */ = {isa = PBXFileReference; explicitFileType = wrapper.application; includeInIndex = 0; path = Hexor.app; sourceTree = BUILT_PRODUCTS_DIR; };
		893F5D3315E181530030BAB0 /* UIKit.framework */ = {isa = PBXFileReference; lastKnownFileType = wrapper.framework; name = UIKit.framework; path = System/Library/Frameworks/UIKit.framework; sourceTree = SDKROOT; };
		893F5D3515E181530030BAB0 /* Foundation.framework */ = {isa = PBXFileReference; lastKnownFileType = wrapper.framework; name = Foundation.framework; path = System/Library/Frameworks/Foundation.framework; sourceTree = SDKROOT; };
		893F5D3715E181530030BAB0 /* CoreGraphics.framework */ = {isa = PBXFileReference; lastKnownFileType = wrapper.framework; name = CoreGraphics.framework; path = System/Library/Frameworks/CoreGraphics.framework; sourceTree = SDKROOT; };
		893F5D3B15E181530030BAB0 /* Hexor-Info.plist */ = {isa = PBXFileReference; path = "Hexor-Info.plist"; sourceTree = "<group>"; };
		893F5D3D15E181530030BAB0 /* en */ = {isa = PBXFileReference; lastKnownFileType = text.plist.strings; name = en; path = en.lproj/InfoPlist.strings; sourceTree = "<group>"; };
		893F5D3F15E181530030BAB0 /* main.m */ = {isa = PBXFileReference; lastKnownFileType = sourcecode.c.objc; path = main.m; sourceTree = "<group>"; };
		893F5D4115E181530030BAB0 /* Hexor-Prefix.pch */ = {isa = PBXFileReference; path = "Hexor-Prefix.pch"; sourceTree = "<group>"; };
		893F5D4215E181530030BAB0 /* AppDelegate.h */ = {isa = PBXFileReference; path = AppDelegate.h; sourceTree = "<group>"; };
		893F5D4315E181530030BAB0 /* AppDelegate.m */ = {isa = PBXFileReference; lastKnownFileType = sourcecode.c.objc; path = AppDelegate.m; sourceTree = "<group>"; };
		893F5D4615E181530030BAB0 /* en */ = {isa = PBXFileReference; lastKnownFileType = file.storyboard; name = en; path = en.lproj/MainStoryboard_iPhone.storyboard; sourceTree = "<group>"; };
		893F5D4915E181530030BAB0 /* en */ = {isa = PBXFileReference; lastKnownFileType = file.storyboard; name = en; path = en.lproj/MainStoryboard_iPad.storyboard; sourceTree = "<group>"; };
		893F5D4B15E181530030BAB0 /* ViewController.h */ = {isa = PBXFileReference; path = ViewController.h; sourceTree = "<group>"; };
		893F5D4C15E181530030BAB0 /* ViewController.m */ = {isa = PBXFileReference; lastKnownFileType = sourcecode.c.objc; path = ViewController.m; sourceTree = "<group>"; };
/* End PBXFileReference section */

/* Begin PBXFrameworksBuildPhase section */
		893F5D2C15E181520030BAB0 /* Frameworks */ = {
			isa = PBXFrameworksBuildPhase;
			buildActionMask = 2147483647;
			files = (
				893F5D3415E181530030BAB0 /* UIKit.framework in Frameworks */,
				893F5D3615E181530030BAB0 /* Foundation.framework in Frameworks */,
				893F5D3815E181530030BAB0 /* CoreGraphics.framework in Frameworks */,
			);
			runOnlyForDeploymentPostprocessing = 0;
		};
/* End PBXFrameworksBuildPhase section */

/* Begin PBXGroup section */
		893F5D2415E181510030BAB0 = {
			isa = PBXGroup;
			children = (
				893F5D3915E181530030BAB0 /* Hexor */,
				893F5D3215E181520030BAB0 /* Frameworks */,
				893F5D3015E181520030BAB0 /* Products */,
			);
			sourceTree = "<group>";
		};
		893F5D3015E181520030BAB0 /* Products */ = {
			isa = PBXGroup;
			children = (
				893F5D2F15E181520030BAB0 /* Hexor.app */,
			);
			name = Products;
			sourceTree = "<group>";
		};
		893F5D3215E181520030BAB0 /* Frameworks */ = {
			isa = PBXGroup;
			children = (
				893F5D3315E181530030BAB0 /* UIKit.framework */,
				893F5D3515E181530030BAB0 /* Foundation.framework */,
				893F5D3715E181530030BAB0 /* CoreGraphics.framework */,
			);
			name = Frameworks;
			sourceTree = "<group>";
		};
		893F5D3915E181530030BAB0 /* Hexor */ = {
			isa = PBXGroup;
			children = (
				893F5D4215E181530030BAB0 /* AppDelegate.h */,
				893F5D4315E181530030BAB0 /* AppDelegate.m */,
				893F5D4515E181530030BAB0 /* MainStoryboard_iPhone.storyboard */,
				893F5D4815E181530030BAB0 /* MainStoryboard_iPad.storyboard */,
				893F5D4B15E181530030BAB0 /* ViewController.h */,
				893F5D4C15E181530030BAB0 /* ViewController.m */,
				893F5D3A15E181530030BAB0 /* Supporting Files */,
			);
			path = Hexor;
			sourceTree = "<group>";
		};
		893F5D3A15E181530030BAB0 /* Supporting Files */ = {
			isa = PBXGroup;
			children = (
				893F5D3B15E181530030BAB0 /* Hexor-Info.plist */,
				893F5D3C15E181530030BAB0 /* InfoPlist.strings */,
				893F5D3F15E181530030BAB0 /* main.m */,
				893F5D4115E181530030BAB0 /* Hexor-Prefix.pch */,
			);
			name = "Supporting Files";
			sourceTree = "<group>";
		};
/* End PBXGroup section */

/* Begin PBXNativeTarget section */
		893F5D2E15E181520030BAB0 /* Hexor */ = {
			isa = PBXNativeTarget;
			buildConfigurationList = 893F5D5015E181530030BAB0 /* Build configuration list for PBXNativeTarget "Hexor" */;
			buildPhases = (
				893F5D2B15E181520030BAB0 /* Sources */,
				893F5D2C15E181520030BAB0 /* Frameworks */,
				893F5D2D15E181520030BAB0 /* Resources */,
			);
			buildRules = (
			);
			dependencies = (
			);
			name = Hexor;
			productName = Hexor;
			productReference = 893F5D2F15E181520030BAB0 /* Hexor.app */;
			productType = "com.apple.product-type.application";
		};
/* End PBXNativeTarget section */

/* Begin PBXProject section */
		893F5D2615E181510030BAB0 /* Project object */ = {
			isa = PBXProject;
			attributes = {
				LastUpgradeCheck = 0430;
			};
			buildConfigurationList = 893F5D2915E181510030BAB0 /* Build configuration list for PBXProject "Hexor" */;
			compatibilityVersion = "Xcode 3.2";
			developmentRegion = English;
			hasScannedForEncodings = 0;
			knownRegions = (
				en,
			);
			mainGroup = 893F5D2415E181510030BAB0;
			productRefGroup = 893F5D3015E181520030BAB0 /* Products */;
			projectDirPath = "";
			projectRoot = "";
			targets = (
				893F5D2E15E181520030BAB0 /* Hexor */,
			);
		};
/* End PBXProject section */

/* Begin PBXResourcesBuildPhase section */
		893F5D2D15E181520030BAB0 /* Resources */ = {
			isa = PBXResourcesBuildPhase;
			buildActionMask = 2147483647;
			files = (
				893F5D3E15E181530030BAB0 /* InfoPlist.strings in Resources */,
				893F5D4715E181530030BAB0 /* MainStoryboard_iPhone.storyboard in Resources */,
				893F5D4A15E181530030BAB0 /* MainStoryboard_iPad.storyboard in Resources */,
			);
			runOnlyForDeploymentPostprocessing = 0;
		};
/* End PBXResourcesBuildPhase section */

/* Begin PBXSourcesBuildPhase section */
		893F5D2B15E181520030BAB0 /* Sources */ = {
			isa = PBXSourcesBuildPhase;
			buildActionMask = 2147483647;
			files = (
				893F5D4015E181530030BAB0 /* main.m in Sources */,
				893F5D4415E181530030BAB0 /* AppDelegate.m in Sources */,
				893F5D4D15E181530030BAB0 /* ViewController.m in Sources */,
			);
			runOnlyForDeploymentPostprocessing = 0;
		};
/* End PBXSourcesBuildPhase section */

/* Begin PBXVariantGroup section */
		893F5D3C15E181530030BAB0 /* InfoPlist.strings */ = {
			isa = PBXVariantGroup;
			children = (
				893F5D3D15E181530030BAB0 /* en */,
			);
			name = InfoPlist.strings;
			sourceTree = "<group>";
		};
		893F5D4515E181530030BAB0 /* MainStoryboard_iPhone.storyboard */ = {
			isa = PBXVariantGroup;
			children = (
				893F5D4615E181530030BAB0 /* en */,
			);
			name = MainStoryboard_iPhone.storyboard;
			sourceTree = "<group>";
		};
		893F5D4815E181530030BAB0 /* MainStoryboard_iPad.storyboard */ = {
			isa = PBXVariantGroup;
			children = (
				893F5D4915E181530030BAB0 /* en */,
			);
			name = MainStoryboard_iPad.storyboard;
			sourceTree = "<group>";
		};
/* End PBXVariantGroup section */

/* Begin XCBuildConfiguration section */
		893F5D4E15E181530030BAB0 /* Debug */ = {
			isa = XCBuildConfiguration;
			buildSettings = {
				ALWAYS_SEARCH_USER_PATHS = NO;
				ARCHS = "$(ARCHS_STANDARD_32_BIT)";
				CLANG_ENABLE_OBJC_ARC = YES;
				"CODE_SIGN_IDENTITY[sdk=iphoneos*]" = "iPhone Developer";
				COPY_PHASE_STRIP = NO;
				GCC_C_LANGUAGE_STANDARD = gnu99;
				GCC_DYNAMIC_NO_PIC = NO;
				GCC_OPTIMIZATION_LEVEL = 0;
				GCC_PREPROCESSOR_DEFINITIONS = (
					"DEBUG=1",
					"$(inherited)",
				);
				GCC_SYMBOLS_PRIVATE_EXTERN = NO;
				GCC_VERSION = com.apple.compilers.llvm.clang.1_0;
				GCC_WARN_ABOUT_RETURN_TYPE = YES;
				GCC_WARN_UNINITIALIZED_AUTOS = YES;
				GCC_WARN_UNUSED_VARIABLE = YES;
				IPHONEOS_DEPLOYMENT_TARGET = 5.1;
				SDKROOT = iphoneos;
				TARGETED_DEVICE_FAMILY = "1,2";
			};
			name = Debug;
		};
		893F5D4F15E181530030BAB0 /* Release */ = {
			isa = XCBuildConfiguration;
			buildSettings = {
				ALWAYS_SEARCH_USER_PATHS = NO;
				ARCHS = "$(ARCHS_STANDARD_32_BIT)";
				CLANG_ENABLE_OBJC_ARC = YES;
				"CODE_SIGN_IDENTITY[sdk=iphoneos*]" = "iPhone Developer";
				COPY_PHASE_STRIP = YES;
				GCC_C_LANGUAGE_STANDARD = gnu99;
				GCC_VERSION = com.apple.compilers.llvm.clang.1_0;
				GCC_WARN_ABOUT_RETURN_TYPE = YES;
				GCC_WARN_UNINITIALIZED_AUTOS = YES;
				GCC_WARN_UNUSED_VARIABLE = YES;
				IPHONEOS_DEPLOYMENT_TARGET = 5.1;
				OTHER_CFLAGS = "-DNS_BLOCK_ASSERTIONS=1";
				SDKROOT = iphoneos;
				TARGETED_DEVICE_FAMILY = "1,2";
				VALIDATE_PRODUCT = YES;
			};
			name = Release;
		};
		893F5D5115E181530030BAB0 /* Debug */ = {
			isa = XCBuildConfiguration;
			buildSettings = {
				GCC_PRECOMPILE_PREFIX_HEADER = YES;
				GCC_PREFIX_HEADER = "Hexor/Hexor-Prefix.pch";
				INFOPLIST_FILE = "Hexor/Hexor-Info.plist";
				PRODUCT_NAME = "$(TARGET_NAME)";
				WRAPPER_EXTENSION = app;
			};
			name = Debug;
		};
		893F5D5215E181530030BAB0 /* Release */ = {
			isa = XCBuildConfiguration;
			buildSettings = {
				GCC_PRECOMPILE_PREFIX_HEADER = YES;
				GCC_PREFIX_HEADER = "Hexor/Hexor-Prefix.pch";
				INFOPLIST_FILE = "Hexor/Hexor-Info.plist";
				PRODUCT_NAME = "$(TARGET_NAME)";
				WRAPPER_EXTENSION = app;
			};
			name = Release;
		};
/* End XCBuildConfiguration section */

/* Begin XCConfigurationList section */
		893F5D2915E181510030BAB0 /* Build configuration list for PBXProject "Hexor" */ = {
			isa = XCConfigurationList;
			buildConfigurations = (
				893F5D4E15E181530030BAB0 /* Debug */,
				893F5D4F15E181530030BAB0 /* Release */,
			);
			defaultConfigurationIsVisible = 0;
			defaultConfigurationName = Release;
		};
		893F5D5015E181530030BAB0 /* Build configuration list for PBXNativeTarget "Hexor" */ = {
			isa = XCConfigurationList;
			buildConfigurations = (
				893F5D5115E181530030BAB0 /* Debug */,
				893F5D5215E181530030BAB0 /* Release */,
			);
			defaultConfigurationIsVisible = 0;
		};
/* End XCConfigurationList section */
	};
	rootObject = 893F5D2615E181510030BAB0 /* Project object */;
}
